// !$*UTF8*$!
{
	archiveVersion = 1;
	classes = {
	};
	objectVersion = 51;
	objects = {

/* Begin PBXBuildFile section */
		1495C72B246B79EF00F30ECB /* AppDelegate.swift in Sources */ = {isa = PBXBuildFile; fileRef = 1495C72A246B79EF00F30ECB /* AppDelegate.swift */; };
		1495C732246B79EF00F30ECB /* Main.storyboard in Resources */ = {isa = PBXBuildFile; fileRef = 1495C730246B79EF00F30ECB /* Main.storyboard */; };
		1495C734246B79F100F30ECB /* Assets.xcassets in Resources */ = {isa = PBXBuildFile; fileRef = 1495C733246B79F100F30ECB /* Assets.xcassets */; };
		1495C737246B79F100F30ECB /* LaunchScreen.storyboard in Resources */ = {isa = PBXBuildFile; fileRef = 1495C735246B79F100F30ECB /* LaunchScreen.storyboard */; };
		1495C73F246B935800F30ECB /* RestaurantVC.swift in Sources */ = {isa = PBXBuildFile; fileRef = 1495C73E246B935800F30ECB /* RestaurantVC.swift */; };
		1495C744246B9C9300F30ECB /* MenuVC.swift in Sources */ = {isa = PBXBuildFile; fileRef = 1495C743246B9C9300F30ECB /* MenuVC.swift */; };
		1495C746246BB3F600F30ECB /* MealVC.swift in Sources */ = {isa = PBXBuildFile; fileRef = 1495C745246BB3F600F30ECB /* MealVC.swift */; };
		1495C748246BC37D00F30ECB /* CartVC.swift in Sources */ = {isa = PBXBuildFile; fileRef = 1495C747246BC37D00F30ECB /* CartVC.swift */; };
		1495C74E246BDA0200F30ECB /* OrderVC.swift in Sources */ = {isa = PBXBuildFile; fileRef = 1495C74D246BDA0200F30ECB /* OrderVC.swift */; };
		1495C750246BDA9F00F30ECB /* OrderDetailsVC.swift in Sources */ = {isa = PBXBuildFile; fileRef = 1495C74F246BDA9F00F30ECB /* OrderDetailsVC.swift */; };
		1495C752246C770600F30ECB /* LoginVC.swift in Sources */ = {isa = PBXBuildFile; fileRef = 1495C751246C770600F30ECB /* LoginVC.swift */; };
		1495C75A246C9BE900F30ECB /* Helper.swift in Sources */ = {isa = PBXBuildFile; fileRef = 1495C759246C9BE900F30ECB /* Helper.swift */; };
		1495C75F246CAB6600F30ECB /* AccountVC.swift in Sources */ = {isa = PBXBuildFile; fileRef = 1495C75E246CAB6600F30ECB /* AccountVC.swift */; };
		1495C761246CB2C200F30ECB /* APIManager.swift in Sources */ = {isa = PBXBuildFile; fileRef = 1495C760246CB2C200F30ECB /* APIManager.swift */; };
		1495C763246CB34C00F30ECB /* Constants.swift in Sources */ = {isa = PBXBuildFile; fileRef = 1495C762246CB34C00F30ECB /* Constants.swift */; };
		1495C765246DD3C600F30ECB /* Restaurant.swift in Sources */ = {isa = PBXBuildFile; fileRef = 1495C764246DD3C600F30ECB /* Restaurant.swift */; };
		1495C76A246DEEA000F30ECB /* RestaurantCell.swift in Sources */ = {isa = PBXBuildFile; fileRef = 1495C769246DEEA000F30ECB /* RestaurantCell.swift */; };
		1495C76E246DFCBD00F30ECB /* MenuCell.swift in Sources */ = {isa = PBXBuildFile; fileRef = 1495C76D246DFCBD00F30ECB /* MenuCell.swift */; };
		1495C770246DFD8B00F30ECB /* Meal.swift in Sources */ = {isa = PBXBuildFile; fileRef = 1495C76F246DFD8B00F30ECB /* Meal.swift */; };
		1495C772246E724100F30ECB /* Cart.swift in Sources */ = {isa = PBXBuildFile; fileRef = 1495C771246E724100F30ECB /* Cart.swift */; };
		1495C776246E77DC00F30ECB /* CartCell.swift in Sources */ = {isa = PBXBuildFile; fileRef = 1495C775246E77DC00F30ECB /* CartCell.swift */; };
		1495C778246F5C5200F30ECB /* Order.swift in Sources */ = {isa = PBXBuildFile; fileRef = 1495C777246F5C5200F30ECB /* Order.swift */; };
		1495C77A246F654200F30ECB /* OrderCell.swift in Sources */ = {isa = PBXBuildFile; fileRef = 1495C779246F654200F30ECB /* OrderCell.swift */; };
		1495C77E246F6BE600F30ECB /* OrderDetailsCell.swift in Sources */ = {isa = PBXBuildFile; fileRef = 1495C77D246F6BE600F30ECB /* OrderDetailsCell.swift */; };
		14AA7838247B2D4100145D40 /* CustomizationCell.swift in Sources */ = {isa = PBXBuildFile; fileRef = 14AA7837247B2D4100145D40 /* CustomizationCell.swift */; };
		14AA783A247B2E1400145D40 /* Customization.swift in Sources */ = {isa = PBXBuildFile; fileRef = 14AA7839247B2E1400145D40 /* Customization.swift */; };
		14AA783C247B480A00145D40 /* Checkbox.swift in Sources */ = {isa = PBXBuildFile; fileRef = 14AA783B247B480A00145D40 /* Checkbox.swift */; };
		14AA78422484868700145D40 /* CategoryVC.swift in Sources */ = {isa = PBXBuildFile; fileRef = 14AA78412484868700145D40 /* CategoryVC.swift */; };
		14AA7844248486A200145D40 /* CategoryCell.swift in Sources */ = {isa = PBXBuildFile; fileRef = 14AA7843248486A200145D40 /* CategoryCell.swift */; };
		14AA78482484C59900145D40 /* ScanVC.swift in Sources */ = {isa = PBXBuildFile; fileRef = 14AA78472484C59900145D40 /* ScanVC.swift */; };
		493DED219093BDB8CB940845 /* Pods_SwickCustomerIOS.framework in Frameworks */ = {isa = PBXBuildFile; fileRef = 971283499F2F6CCB9D24A97D /* Pods_SwickCustomerIOS.framework */; };
/* End PBXBuildFile section */

/* Begin PBXFileReference section */
		1495C727246B79EF00F30ECB /* Swick.app */ = {isa = PBXFileReference; explicitFileType = wrapper.application; includeInIndex = 0; path = Swick.app; sourceTree = BUILT_PRODUCTS_DIR; };
		1495C72A246B79EF00F30ECB /* AppDelegate.swift */ = {isa = PBXFileReference; lastKnownFileType = sourcecode.swift; path = AppDelegate.swift; sourceTree = "<group>"; };
		1495C731246B79EF00F30ECB /* Base */ = {isa = PBXFileReference; lastKnownFileType = file.storyboard; name = Base; path = Base.lproj/Main.storyboard; sourceTree = "<group>"; };
		1495C733246B79F100F30ECB /* Assets.xcassets */ = {isa = PBXFileReference; lastKnownFileType = folder.assetcatalog; path = Assets.xcassets; sourceTree = "<group>"; };
		1495C736246B79F100F30ECB /* Base */ = {isa = PBXFileReference; lastKnownFileType = file.storyboard; name = Base; path = Base.lproj/LaunchScreen.storyboard; sourceTree = "<group>"; };
		1495C738246B79F100F30ECB /* Info.plist */ = {isa = PBXFileReference; lastKnownFileType = text.plist.xml; path = Info.plist; sourceTree = "<group>"; };
		1495C73E246B935800F30ECB /* RestaurantVC.swift */ = {isa = PBXFileReference; lastKnownFileType = sourcecode.swift; name = RestaurantVC.swift; path = ../RestaurantVC.swift; sourceTree = "<group>"; wrapsLines = 1; };
		1495C743246B9C9300F30ECB /* MenuVC.swift */ = {isa = PBXFileReference; lastKnownFileType = sourcecode.swift; path = MenuVC.swift; sourceTree = "<group>"; };
		1495C745246BB3F600F30ECB /* MealVC.swift */ = {isa = PBXFileReference; lastKnownFileType = sourcecode.swift; path = MealVC.swift; sourceTree = "<group>"; };
		1495C747246BC37D00F30ECB /* CartVC.swift */ = {isa = PBXFileReference; lastKnownFileType = sourcecode.swift; path = CartVC.swift; sourceTree = "<group>"; };
		1495C74D246BDA0200F30ECB /* OrderVC.swift */ = {isa = PBXFileReference; lastKnownFileType = sourcecode.swift; path = OrderVC.swift; sourceTree = "<group>"; };
		1495C74F246BDA9F00F30ECB /* OrderDetailsVC.swift */ = {isa = PBXFileReference; lastKnownFileType = sourcecode.swift; path = OrderDetailsVC.swift; sourceTree = "<group>"; };
		1495C751246C770600F30ECB /* LoginVC.swift */ = {isa = PBXFileReference; lastKnownFileType = sourcecode.swift; path = LoginVC.swift; sourceTree = "<group>"; };
		1495C759246C9BE900F30ECB /* Helper.swift */ = {isa = PBXFileReference; lastKnownFileType = sourcecode.swift; path = Helper.swift; sourceTree = "<group>"; };
		1495C75E246CAB6600F30ECB /* AccountVC.swift */ = {isa = PBXFileReference; lastKnownFileType = sourcecode.swift; path = AccountVC.swift; sourceTree = "<group>"; };
		1495C760246CB2C200F30ECB /* APIManager.swift */ = {isa = PBXFileReference; lastKnownFileType = sourcecode.swift; path = APIManager.swift; sourceTree = "<group>"; };
		1495C762246CB34C00F30ECB /* Constants.swift */ = {isa = PBXFileReference; lastKnownFileType = sourcecode.swift; path = Constants.swift; sourceTree = "<group>"; };
		1495C764246DD3C600F30ECB /* Restaurant.swift */ = {isa = PBXFileReference; lastKnownFileType = sourcecode.swift; path = Restaurant.swift; sourceTree = "<group>"; };
		1495C769246DEEA000F30ECB /* RestaurantCell.swift */ = {isa = PBXFileReference; lastKnownFileType = sourcecode.swift; path = RestaurantCell.swift; sourceTree = "<group>"; };
		1495C76D246DFCBD00F30ECB /* MenuCell.swift */ = {isa = PBXFileReference; lastKnownFileType = sourcecode.swift; path = MenuCell.swift; sourceTree = "<group>"; };
		1495C76F246DFD8B00F30ECB /* Meal.swift */ = {isa = PBXFileReference; lastKnownFileType = sourcecode.swift; path = Meal.swift; sourceTree = "<group>"; };
		1495C771246E724100F30ECB /* Cart.swift */ = {isa = PBXFileReference; lastKnownFileType = sourcecode.swift; path = Cart.swift; sourceTree = "<group>"; };
		1495C775246E77DC00F30ECB /* CartCell.swift */ = {isa = PBXFileReference; lastKnownFileType = sourcecode.swift; path = CartCell.swift; sourceTree = "<group>"; };
		1495C777246F5C5200F30ECB /* Order.swift */ = {isa = PBXFileReference; lastKnownFileType = sourcecode.swift; path = Order.swift; sourceTree = "<group>"; };
		1495C779246F654200F30ECB /* OrderCell.swift */ = {isa = PBXFileReference; lastKnownFileType = sourcecode.swift; path = OrderCell.swift; sourceTree = "<group>"; };
		1495C77D246F6BE600F30ECB /* OrderDetailsCell.swift */ = {isa = PBXFileReference; lastKnownFileType = sourcecode.swift; path = OrderDetailsCell.swift; sourceTree = "<group>"; };
		14AA7837247B2D4100145D40 /* CustomizationCell.swift */ = {isa = PBXFileReference; lastKnownFileType = sourcecode.swift; path = CustomizationCell.swift; sourceTree = "<group>"; };
		14AA7839247B2E1400145D40 /* Customization.swift */ = {isa = PBXFileReference; lastKnownFileType = sourcecode.swift; path = Customization.swift; sourceTree = "<group>"; };
		14AA783B247B480A00145D40 /* Checkbox.swift */ = {isa = PBXFileReference; lastKnownFileType = sourcecode.swift; path = Checkbox.swift; sourceTree = "<group>"; };
		14AA78412484868700145D40 /* CategoryVC.swift */ = {isa = PBXFileReference; lastKnownFileType = sourcecode.swift; path = CategoryVC.swift; sourceTree = "<group>"; };
		14AA7843248486A200145D40 /* CategoryCell.swift */ = {isa = PBXFileReference; lastKnownFileType = sourcecode.swift; path = CategoryCell.swift; sourceTree = "<group>"; };
		14AA78472484C59900145D40 /* ScanVC.swift */ = {isa = PBXFileReference; fileEncoding = 4; lastKnownFileType = sourcecode.swift; path = ScanVC.swift; sourceTree = "<group>"; };
		95E5BDAC5BCC78F8F1824B61 /* Pods-SwickCustomerIOS.debug.xcconfig */ = {isa = PBXFileReference; includeInIndex = 1; lastKnownFileType = text.xcconfig; name = "Pods-SwickCustomerIOS.debug.xcconfig"; path = "Target Support Files/Pods-SwickCustomerIOS/Pods-SwickCustomerIOS.debug.xcconfig"; sourceTree = "<group>"; };
		971283499F2F6CCB9D24A97D /* Pods_SwickCustomerIOS.framework */ = {isa = PBXFileReference; explicitFileType = wrapper.framework; includeInIndex = 0; path = Pods_SwickCustomerIOS.framework; sourceTree = BUILT_PRODUCTS_DIR; };
		C6DD97C655BA4FE3422DDED7 /* Pods-SwickCustomerIOS.release.xcconfig */ = {isa = PBXFileReference; includeInIndex = 1; lastKnownFileType = text.xcconfig; name = "Pods-SwickCustomerIOS.release.xcconfig"; path = "Target Support Files/Pods-SwickCustomerIOS/Pods-SwickCustomerIOS.release.xcconfig"; sourceTree = "<group>"; };
/* End PBXFileReference section */

/* Begin PBXFrameworksBuildPhase section */
		1495C724246B79EF00F30ECB /* Frameworks */ = {
			isa = PBXFrameworksBuildPhase;
			buildActionMask = 2147483647;
			files = (
				493DED219093BDB8CB940845 /* Pods_SwickCustomerIOS.framework in Frameworks */,
			);
			runOnlyForDeploymentPostprocessing = 0;
		};
/* End PBXFrameworksBuildPhase section */

/* Begin PBXGroup section */
		1495C71E246B79EF00F30ECB = {
			isa = PBXGroup;
			children = (
				1495C729246B79EF00F30ECB /* SwickCustomerIOS */,
				1495C728246B79EF00F30ECB /* Products */,
				B551B536356C44E2CA3680C7 /* Pods */,
				3CBCF34D2EF51E0BBFA0293F /* Frameworks */,
			);
			sourceTree = "<group>";
		};
		1495C728246B79EF00F30ECB /* Products */ = {
			isa = PBXGroup;
			children = (
				1495C727246B79EF00F30ECB /* Swick.app */,
			);
			name = Products;
			sourceTree = "<group>";
		};
		1495C729246B79EF00F30ECB /* SwickCustomerIOS */ = {
			isa = PBXGroup;
			children = (
				1495C72A246B79EF00F30ECB /* AppDelegate.swift */,
				1495C730246B79EF00F30ECB /* Main.storyboard */,
				1495C733246B79F100F30ECB /* Assets.xcassets */,
				1495C735246B79F100F30ECB /* LaunchScreen.storyboard */,
				1495C738246B79F100F30ECB /* Info.plist */,
				1495C740246B99AC00F30ECB /* View Controllers */,
				1495C768246DEE4D00F30ECB /* Cells */,
				1495C75B246CA83200F30ECB /* Models */,
				1495C755246C822600F30ECB /* Helpers */,
			);
			path = SwickCustomerIOS;
			sourceTree = "<group>";
		};
		1495C740246B99AC00F30ECB /* View Controllers */ = {
			isa = PBXGroup;
			children = (
				1495C751246C770600F30ECB /* LoginVC.swift */,
				1495C73E246B935800F30ECB /* RestaurantVC.swift */,
				14AA78412484868700145D40 /* CategoryVC.swift */,
				1495C743246B9C9300F30ECB /* MenuVC.swift */,
				1495C745246BB3F600F30ECB /* MealVC.swift */,
				14AA78472484C59900145D40 /* ScanVC.swift */,
				1495C747246BC37D00F30ECB /* CartVC.swift */,
				1495C74D246BDA0200F30ECB /* OrderVC.swift */,
				1495C74F246BDA9F00F30ECB /* OrderDetailsVC.swift */,
				1495C75E246CAB6600F30ECB /* AccountVC.swift */,
			);
			path = "View Controllers";
			sourceTree = "<group>";
		};
		1495C755246C822600F30ECB /* Helpers */ = {
			isa = PBXGroup;
			children = (
				1495C759246C9BE900F30ECB /* Helper.swift */,
				1495C760246CB2C200F30ECB /* APIManager.swift */,
				1495C762246CB34C00F30ECB /* Constants.swift */,
				14AA783B247B480A00145D40 /* Checkbox.swift */,
			);
			path = Helpers;
			sourceTree = "<group>";
		};
		1495C75B246CA83200F30ECB /* Models */ = {
			isa = PBXGroup;
			children = (
				1495C764246DD3C600F30ECB /* Restaurant.swift */,
				1495C76F246DFD8B00F30ECB /* Meal.swift */,
				14AA7839247B2E1400145D40 /* Customization.swift */,
				1495C771246E724100F30ECB /* Cart.swift */,
				1495C777246F5C5200F30ECB /* Order.swift */,
			);
			path = Models;
			sourceTree = "<group>";
		};
		1495C768246DEE4D00F30ECB /* Cells */ = {
			isa = PBXGroup;
			children = (
				1495C769246DEEA000F30ECB /* RestaurantCell.swift */,
				14AA7843248486A200145D40 /* CategoryCell.swift */,
				1495C76D246DFCBD00F30ECB /* MenuCell.swift */,
				14AA7837247B2D4100145D40 /* CustomizationCell.swift */,
				1495C775246E77DC00F30ECB /* CartCell.swift */,
				1495C779246F654200F30ECB /* OrderCell.swift */,
				1495C77D246F6BE600F30ECB /* OrderDetailsCell.swift */,
			);
			path = Cells;
			sourceTree = "<group>";
		};
		3CBCF34D2EF51E0BBFA0293F /* Frameworks */ = {
			isa = PBXGroup;
			children = (
				971283499F2F6CCB9D24A97D /* Pods_SwickCustomerIOS.framework */,
			);
			name = Frameworks;
			sourceTree = "<group>";
		};
		B551B536356C44E2CA3680C7 /* Pods */ = {
			isa = PBXGroup;
			children = (
				95E5BDAC5BCC78F8F1824B61 /* Pods-SwickCustomerIOS.debug.xcconfig */,
				C6DD97C655BA4FE3422DDED7 /* Pods-SwickCustomerIOS.release.xcconfig */,
			);
			path = Pods;
			sourceTree = "<group>";
		};
/* End PBXGroup section */

/* Begin PBXNativeTarget section */
		1495C726246B79EF00F30ECB /* SwickCustomerIOS */ = {
			isa = PBXNativeTarget;
			buildConfigurationList = 1495C73B246B79F100F30ECB /* Build configuration list for PBXNativeTarget "SwickCustomerIOS" */;
			buildPhases = (
				939A3332928F61719CD3EF5C /* [CP] Check Pods Manifest.lock */,
				1495C723246B79EF00F30ECB /* Sources */,
				1495C724246B79EF00F30ECB /* Frameworks */,
				1495C725246B79EF00F30ECB /* Resources */,
				A850E23ABEB356E95B9AB542 /* [CP] Embed Pods Frameworks */,
			);
			buildRules = (
			);
			dependencies = (
			);
			name = SwickCustomerIOS;
			productName = SwickCustomerIOS;
			productReference = 1495C727246B79EF00F30ECB /* Swick.app */;
			productType = "com.apple.product-type.application";
		};
/* End PBXNativeTarget section */

/* Begin PBXProject section */
		1495C71F246B79EF00F30ECB /* Project object */ = {
			isa = PBXProject;
			attributes = {
				LastSwiftUpdateCheck = 1140;
				LastUpgradeCheck = 1140;
				ORGANIZATIONNAME = Swick;
				TargetAttributes = {
					1495C726246B79EF00F30ECB = {
						CreatedOnToolsVersion = 11.4.1;
					};
				};
			};
			buildConfigurationList = 1495C722246B79EF00F30ECB /* Build configuration list for PBXProject "SwickCustomerIOS" */;
			compatibilityVersion = "Xcode 9.3";
			developmentRegion = en;
			hasScannedForEncodings = 0;
			knownRegions = (
				en,
				Base,
			);
			mainGroup = 1495C71E246B79EF00F30ECB;
			productRefGroup = 1495C728246B79EF00F30ECB /* Products */;
			projectDirPath = "";
			projectRoot = "";
			targets = (
				1495C726246B79EF00F30ECB /* SwickCustomerIOS */,
			);
		};
/* End PBXProject section */

/* Begin PBXResourcesBuildPhase section */
		1495C725246B79EF00F30ECB /* Resources */ = {
			isa = PBXResourcesBuildPhase;
			buildActionMask = 2147483647;
			files = (
				1495C737246B79F100F30ECB /* LaunchScreen.storyboard in Resources */,
				1495C734246B79F100F30ECB /* Assets.xcassets in Resources */,
				1495C732246B79EF00F30ECB /* Main.storyboard in Resources */,
			);
			runOnlyForDeploymentPostprocessing = 0;
		};
/* End PBXResourcesBuildPhase section */

/* Begin PBXShellScriptBuildPhase section */
		939A3332928F61719CD3EF5C /* [CP] Check Pods Manifest.lock */ = {
			isa = PBXShellScriptBuildPhase;
			buildActionMask = 2147483647;
			files = (
			);
			inputFileListPaths = (
			);
			inputPaths = (
				"${PODS_PODFILE_DIR_PATH}/Podfile.lock",
				"${PODS_ROOT}/Manifest.lock",
			);
			name = "[CP] Check Pods Manifest.lock";
			outputFileListPaths = (
			);
			outputPaths = (
				"$(DERIVED_FILE_DIR)/Pods-SwickCustomerIOS-checkManifestLockResult.txt",
			);
			runOnlyForDeploymentPostprocessing = 0;
			shellPath = /bin/sh;
			shellScript = "diff \"${PODS_PODFILE_DIR_PATH}/Podfile.lock\" \"${PODS_ROOT}/Manifest.lock\" > /dev/null\nif [ $? != 0 ] ; then\n    # print error to STDERR\n    echo \"error: The sandbox is not in sync with the Podfile.lock. Run 'pod install' or update your CocoaPods installation.\" >&2\n    exit 1\nfi\n# This output is used by Xcode 'outputs' to avoid re-running this script phase.\necho \"SUCCESS\" > \"${SCRIPT_OUTPUT_FILE_0}\"\n";
			showEnvVarsInLog = 0;
		};
		A850E23ABEB356E95B9AB542 /* [CP] Embed Pods Frameworks */ = {
			isa = PBXShellScriptBuildPhase;
			buildActionMask = 2147483647;
			files = (
			);
			inputFileListPaths = (
				"${PODS_ROOT}/Target Support Files/Pods-SwickCustomerIOS/Pods-SwickCustomerIOS-frameworks-${CONFIGURATION}-input-files.xcfilelist",
			);
			name = "[CP] Embed Pods Frameworks";
			outputFileListPaths = (
				"${PODS_ROOT}/Target Support Files/Pods-SwickCustomerIOS/Pods-SwickCustomerIOS-frameworks-${CONFIGURATION}-output-files.xcfilelist",
			);
			runOnlyForDeploymentPostprocessing = 0;
			shellPath = /bin/sh;
			shellScript = "\"${PODS_ROOT}/Target Support Files/Pods-SwickCustomerIOS/Pods-SwickCustomerIOS-frameworks.sh\"\n";
			showEnvVarsInLog = 0;
		};
/* End PBXShellScriptBuildPhase section */

/* Begin PBXSourcesBuildPhase section */
		1495C723246B79EF00F30ECB /* Sources */ = {
			isa = PBXSourcesBuildPhase;
			buildActionMask = 2147483647;
			files = (
				1495C76A246DEEA000F30ECB /* RestaurantCell.swift in Sources */,
				1495C776246E77DC00F30ECB /* CartCell.swift in Sources */,
				1495C778246F5C5200F30ECB /* Order.swift in Sources */,
				1495C772246E724100F30ECB /* Cart.swift in Sources */,
				1495C75A246C9BE900F30ECB /* Helper.swift in Sources */,
				1495C77E246F6BE600F30ECB /* OrderDetailsCell.swift in Sources */,
				1495C72B246B79EF00F30ECB /* AppDelegate.swift in Sources */,
				1495C744246B9C9300F30ECB /* MenuVC.swift in Sources */,
				1495C770246DFD8B00F30ECB /* Meal.swift in Sources */,
				14AA783C247B480A00145D40 /* Checkbox.swift in Sources */,
				1495C748246BC37D00F30ECB /* CartVC.swift in Sources */,
				1495C765246DD3C600F30ECB /* Restaurant.swift in Sources */,
				1495C763246CB34C00F30ECB /* Constants.swift in Sources */,
				1495C750246BDA9F00F30ECB /* OrderDetailsVC.swift in Sources */,
				1495C761246CB2C200F30ECB /* APIManager.swift in Sources */,
				14AA7838247B2D4100145D40 /* CustomizationCell.swift in Sources */,
				1495C752246C770600F30ECB /* LoginVC.swift in Sources */,
				1495C75F246CAB6600F30ECB /* AccountVC.swift in Sources */,
				1495C73F246B935800F30ECB /* RestaurantVC.swift in Sources */,
				1495C77A246F654200F30ECB /* OrderCell.swift in Sources */,
				14AA78422484868700145D40 /* CategoryVC.swift in Sources */,
				1495C74E246BDA0200F30ECB /* OrderVC.swift in Sources */,
				14AA7844248486A200145D40 /* CategoryCell.swift in Sources */,
				1495C746246BB3F600F30ECB /* MealVC.swift in Sources */,
				14AA78482484C59900145D40 /* ScanVC.swift in Sources */,
				1495C76E246DFCBD00F30ECB /* MenuCell.swift in Sources */,
				14AA783A247B2E1400145D40 /* Customization.swift in Sources */,
			);
			runOnlyForDeploymentPostprocessing = 0;
		};
/* End PBXSourcesBuildPhase section */

/* Begin PBXVariantGroup section */
		1495C730246B79EF00F30ECB /* Main.storyboard */ = {
			isa = PBXVariantGroup;
			children = (
				1495C731246B79EF00F30ECB /* Base */,
			);
			name = Main.storyboard;
			sourceTree = "<group>";
		};
		1495C735246B79F100F30ECB /* LaunchScreen.storyboard */ = {
			isa = PBXVariantGroup;
			children = (
				1495C736246B79F100F30ECB /* Base */,
			);
			name = LaunchScreen.storyboard;
			sourceTree = "<group>";
		};
/* End PBXVariantGroup section */

/* Begin XCBuildConfiguration section */
		1495C739246B79F100F30ECB /* Debug */ = {
			isa = XCBuildConfiguration;
			buildSettings = {
				ALWAYS_SEARCH_USER_PATHS = NO;
				CLANG_ANALYZER_NONNULL = YES;
				CLANG_ANALYZER_NUMBER_OBJECT_CONVERSION = YES_AGGRESSIVE;
				CLANG_CXX_LANGUAGE_STANDARD = "gnu++14";
				CLANG_CXX_LIBRARY = "libc++";
				CLANG_ENABLE_MODULES = YES;
				CLANG_ENABLE_OBJC_ARC = YES;
				CLANG_ENABLE_OBJC_WEAK = YES;
				CLANG_WARN_BLOCK_CAPTURE_AUTORELEASING = YES;
				CLANG_WARN_BOOL_CONVERSION = YES;
				CLANG_WARN_COMMA = YES;
				CLANG_WARN_CONSTANT_CONVERSION = YES;
				CLANG_WARN_DEPRECATED_OBJC_IMPLEMENTATIONS = YES;
				CLANG_WARN_DIRECT_OBJC_ISA_USAGE = YES_ERROR;
				CLANG_WARN_DOCUMENTATION_COMMENTS = YES;
				CLANG_WARN_EMPTY_BODY = YES;
				CLANG_WARN_ENUM_CONVERSION = YES;
				CLANG_WARN_INFINITE_RECURSION = YES;
				CLANG_WARN_INT_CONVERSION = YES;
				CLANG_WARN_NON_LITERAL_NULL_CONVERSION = YES;
				CLANG_WARN_OBJC_IMPLICIT_RETAIN_SELF = YES;
				CLANG_WARN_OBJC_LITERAL_CONVERSION = YES;
				CLANG_WARN_OBJC_ROOT_CLASS = YES_ERROR;
				CLANG_WARN_RANGE_LOOP_ANALYSIS = YES;
				CLANG_WARN_STRICT_PROTOTYPES = YES;
				CLANG_WARN_SUSPICIOUS_MOVE = YES;
				CLANG_WARN_UNGUARDED_AVAILABILITY = YES_AGGRESSIVE;
				CLANG_WARN_UNREACHABLE_CODE = YES;
				CLANG_WARN__DUPLICATE_METHOD_MATCH = YES;
				COPY_PHASE_STRIP = NO;
				DEBUG_INFORMATION_FORMAT = dwarf;
				ENABLE_STRICT_OBJC_MSGSEND = YES;
				ENABLE_TESTABILITY = YES;
				GCC_C_LANGUAGE_STANDARD = gnu11;
				GCC_DYNAMIC_NO_PIC = NO;
				GCC_NO_COMMON_BLOCKS = YES;
				GCC_OPTIMIZATION_LEVEL = 0;
				GCC_PREPROCESSOR_DEFINITIONS = (
					"DEBUG=1",
					"$(inherited)",
				);
				GCC_WARN_64_TO_32_BIT_CONVERSION = YES;
				GCC_WARN_ABOUT_RETURN_TYPE = YES_ERROR;
				GCC_WARN_UNDECLARED_SELECTOR = YES;
				GCC_WARN_UNINITIALIZED_AUTOS = YES_AGGRESSIVE;
				GCC_WARN_UNUSED_FUNCTION = YES;
				GCC_WARN_UNUSED_VARIABLE = YES;
				IPHONEOS_DEPLOYMENT_TARGET = 13.4;
				MTL_ENABLE_DEBUG_INFO = INCLUDE_SOURCE;
				MTL_FAST_MATH = YES;
				ONLY_ACTIVE_ARCH = YES;
				SDKROOT = iphoneos;
				SWIFT_ACTIVE_COMPILATION_CONDITIONS = DEBUG;
				SWIFT_OPTIMIZATION_LEVEL = "-Onone";
			};
			name = Debug;
		};
		1495C73A246B79F100F30ECB /* Release */ = {
			isa = XCBuildConfiguration;
			buildSettings = {
				ALWAYS_SEARCH_USER_PATHS = NO;
				CLANG_ANALYZER_NONNULL = YES;
				CLANG_ANALYZER_NUMBER_OBJECT_CONVERSION = YES_AGGRESSIVE;
				CLANG_CXX_LANGUAGE_STANDARD = "gnu++14";
				CLANG_CXX_LIBRARY = "libc++";
				CLANG_ENABLE_MODULES = YES;
				CLANG_ENABLE_OBJC_ARC = YES;
				CLANG_ENABLE_OBJC_WEAK = YES;
				CLANG_WARN_BLOCK_CAPTURE_AUTORELEASING = YES;
				CLANG_WARN_BOOL_CONVERSION = YES;
				CLANG_WARN_COMMA = YES;
				CLANG_WARN_CONSTANT_CONVERSION = YES;
				CLANG_WARN_DEPRECATED_OBJC_IMPLEMENTATIONS = YES;
				CLANG_WARN_DIRECT_OBJC_ISA_USAGE = YES_ERROR;
				CLANG_WARN_DOCUMENTATION_COMMENTS = YES;
				CLANG_WARN_EMPTY_BODY = YES;
				CLANG_WARN_ENUM_CONVERSION = YES;
				CLANG_WARN_INFINITE_RECURSION = YES;
				CLANG_WARN_INT_CONVERSION = YES;
				CLANG_WARN_NON_LITERAL_NULL_CONVERSION = YES;
				CLANG_WARN_OBJC_IMPLICIT_RETAIN_SELF = YES;
				CLANG_WARN_OBJC_LITERAL_CONVERSION = YES;
				CLANG_WARN_OBJC_ROOT_CLASS = YES_ERROR;
				CLANG_WARN_RANGE_LOOP_ANALYSIS = YES;
				CLANG_WARN_STRICT_PROTOTYPES = YES;
				CLANG_WARN_SUSPICIOUS_MOVE = YES;
				CLANG_WARN_UNGUARDED_AVAILABILITY = YES_AGGRESSIVE;
				CLANG_WARN_UNREACHABLE_CODE = YES;
				CLANG_WARN__DUPLICATE_METHOD_MATCH = YES;
				COPY_PHASE_STRIP = NO;
				DEBUG_INFORMATION_FORMAT = "dwarf-with-dsym";
				ENABLE_NS_ASSERTIONS = NO;
				ENABLE_STRICT_OBJC_MSGSEND = YES;
				GCC_C_LANGUAGE_STANDARD = gnu11;
				GCC_NO_COMMON_BLOCKS = YES;
				GCC_WARN_64_TO_32_BIT_CONVERSION = YES;
				GCC_WARN_ABOUT_RETURN_TYPE = YES_ERROR;
				GCC_WARN_UNDECLARED_SELECTOR = YES;
				GCC_WARN_UNINITIALIZED_AUTOS = YES_AGGRESSIVE;
				GCC_WARN_UNUSED_FUNCTION = YES;
				GCC_WARN_UNUSED_VARIABLE = YES;
				IPHONEOS_DEPLOYMENT_TARGET = 13.4;
				MTL_ENABLE_DEBUG_INFO = NO;
				MTL_FAST_MATH = YES;
				SDKROOT = iphoneos;
				SWIFT_COMPILATION_MODE = wholemodule;
				SWIFT_OPTIMIZATION_LEVEL = "-O";
				VALIDATE_PRODUCT = YES;
			};
			name = Release;
		};
		1495C73C246B79F100F30ECB /* Debug */ = {
			isa = XCBuildConfiguration;
			baseConfigurationReference = 95E5BDAC5BCC78F8F1824B61 /* Pods-SwickCustomerIOS.debug.xcconfig */;
			buildSettings = {
				ASSETCATALOG_COMPILER_APPICON_NAME = AppIcon;
				CODE_SIGN_STYLE = Automatic;
				DEVELOPMENT_TEAM = 78G3K9TQHP;
				INFOPLIST_FILE = SwickCustomerIOS/Info.plist;
				IPHONEOS_DEPLOYMENT_TARGET = 13.0;
				LD_RUNPATH_SEARCH_PATHS = (
					"$(inherited)",
					"@executable_path/Frameworks",
				);
				PRODUCT_BUNDLE_IDENTIFIER = swick.SwickCustomerIOS;
				PRODUCT_NAME = Swick;
				SWIFT_VERSION = 5.0;
				TARGETED_DEVICE_FAMILY = 1;
			};
			name = Debug;
		};
		1495C73D246B79F100F30ECB /* Release */ = {
			isa = XCBuildConfiguration;
			baseConfigurationReference = C6DD97C655BA4FE3422DDED7 /* Pods-SwickCustomerIOS.release.xcconfig */;
			buildSettings = {
				ASSETCATALOG_COMPILER_APPICON_NAME = AppIcon;
				CODE_SIGN_STYLE = Automatic;
				DEVELOPMENT_TEAM = 78G3K9TQHP;
				INFOPLIST_FILE = SwickCustomerIOS/Info.plist;
				IPHONEOS_DEPLOYMENT_TARGET = 13.0;
				LD_RUNPATH_SEARCH_PATHS = (
					"$(inherited)",
					"@executable_path/Frameworks",
				);
				PRODUCT_BUNDLE_IDENTIFIER = swick.SwickCustomerIOS;
				PRODUCT_NAME = Swick;
				SWIFT_VERSION = 5.0;
				TARGETED_DEVICE_FAMILY = 1;
			};
			name = Release;
		};
/* End XCBuildConfiguration section */

/* Begin XCConfigurationList section */
		1495C722246B79EF00F30ECB /* Build configuration list for PBXProject "SwickCustomerIOS" */ = {
			isa = XCConfigurationList;
			buildConfigurations = (
				1495C739246B79F100F30ECB /* Debug */,
				1495C73A246B79F100F30ECB /* Release */,
			);
			defaultConfigurationIsVisible = 0;
			defaultConfigurationName = Release;
		};
		1495C73B246B79F100F30ECB /* Build configuration list for PBXNativeTarget "SwickCustomerIOS" */ = {
			isa = XCConfigurationList;
			buildConfigurations = (
				1495C73C246B79F100F30ECB /* Debug */,
				1495C73D246B79F100F30ECB /* Release */,
			);
			defaultConfigurationIsVisible = 0;
			defaultConfigurationName = Release;
		};
/* End XCConfigurationList section */
	};
	rootObject = 1495C71F246B79EF00F30ECB /* Project object */;
}
