PODS:
  - Alamofire (5.2.2)
  - Introspect (0.1.0)
  - Stripe (20.0.0)
  - SwiftyJSON (5.0.0)

DEPENDENCIES:
  - Alamofire
  - Introspect
  - Stripe
  - SwiftyJSON

SPEC REPOS:
  trunk:
    - Alamofire
    - Introspect
    - Stripe
    - SwiftyJSON

SPEC CHECKSUMS:
  Alamofire: 814429acc853c6c54ff123fc3d2ef66803823ce0
  Introspect: ad32f2b7b9e7ac2c008b9dfec3d5325fbd3660fa
  Stripe: 339e8c50d3a27dcbe9a4f35b98c260fb9715d962
  SwiftyJSON: 36413e04c44ee145039d332b4f4e2d3e8d6c4db7

PODFILE CHECKSUM: f22b352ce726eef31d24dd8bae054f3e2b13791d

COCOAPODS: 1.9.3
