PODS:
  - Alamofire (5.1.0)
  - Stripe (19.2.0)
  - SwiftyJSON (5.0.0)

DEPENDENCIES:
  - Alamofire
  - Stripe
  - SwiftyJSON

SPEC REPOS:
  trunk:
    - Alamofire
    - Stripe
    - SwiftyJSON

SPEC CHECKSUMS:
  Alamofire: 9d5c5f602928e512395b30950c5984eca840093c
  Stripe: d481c2dab9a892fd923f097f854661217f70dc7f
  SwiftyJSON: 36413e04c44ee145039d332b4f4e2d3e8d6c4db7

PODFILE CHECKSUM: aa4ab6aa20aedb9e1a9dc1544d8fd445f0ce3b83

COCOAPODS: 1.9.3
